// !$*UTF8*$!
{
	archiveVersion = 1;
	classes = {
	};
	objectVersion = 46;
	objects = {

/* Begin PBXBuildFile section */
		635FDED81AF6718A00EF8950 /* HighScores.plist in Resources */ = {isa = PBXBuildFile; fileRef = 635FDED71AF6718A00EF8950 /* HighScores.plist */; };
		635FDEDB1AF6BB5000EF8950 /* ViewControllerScores.m in Sources */ = {isa = PBXBuildFile; fileRef = 635FDEDA1AF6BB5000EF8950 /* ViewControllerScores.m */; };
		6392DD201AC7A3CF0092C603 /* main.m in Sources */ = {isa = PBXBuildFile; fileRef = 6392DD1F1AC7A3CF0092C603 /* main.m */; };
		6392DD231AC7A3CF0092C603 /* AppDelegate.m in Sources */ = {isa = PBXBuildFile; fileRef = 6392DD221AC7A3CF0092C603 /* AppDelegate.m */; };
		6392DD261AC7A3CF0092C603 /* ViewController.m in Sources */ = {isa = PBXBuildFile; fileRef = 6392DD251AC7A3CF0092C603 /* ViewController.m */; };
		6392DD291AC7A3CF0092C603 /* Main.storyboard in Resources */ = {isa = PBXBuildFile; fileRef = 6392DD271AC7A3CF0092C603 /* Main.storyboard */; };
		6392DD2B1AC7A3CF0092C603 /* Images.xcassets in Resources */ = {isa = PBXBuildFile; fileRef = 6392DD2A1AC7A3CF0092C603 /* Images.xcassets */; };
		6392DD2E1AC7A3CF0092C603 /* LaunchScreen.xib in Resources */ = {isa = PBXBuildFile; fileRef = 6392DD2C1AC7A3CF0092C603 /* LaunchScreen.xib */; };
		6392DD3A1AC7A3CF0092C603 /* ProyectoTests.m in Sources */ = {isa = PBXBuildFile; fileRef = 6392DD391AC7A3CF0092C603 /* ProyectoTests.m */; };
		6392DD441AC7A7CF0092C603 /* timeline.png in Resources */ = {isa = PBXBuildFile; fileRef = 6392DD431AC7A7CF0092C603 /* timeline.png */; };
		6392DD461AC7B24F0092C603 /* leaderboards.png in Resources */ = {isa = PBXBuildFile; fileRef = 6392DD451AC7B24F0092C603 /* leaderboards.png */; };
		6392DD4C1AC7BA840092C603 /* papiro.png in Resources */ = {isa = PBXBuildFile; fileRef = 6392DD4B1AC7BA840092C603 /* papiro.png */; };
		6392DD4E1AC7C2FD0092C603 /* history.gif in Resources */ = {isa = PBXBuildFile; fileRef = 6392DD4D1AC7C2FD0092C603 /* history.gif */; };
		FB7CBBDF1AE0154C00C566F3 /* ViewControllerDificultad.m in Sources */ = {isa = PBXBuildFile; fileRef = FB7CBBDE1AE0154C00C566F3 /* ViewControllerDificultad.m */; };
		FB7CBBE21AE0158A00C566F3 /* ViewControllerTema.m in Sources */ = {isa = PBXBuildFile; fileRef = FB7CBBE11AE0158A00C566F3 /* ViewControllerTema.m */; };
		FB7CBBE41AE0176600C566F3 /* Property List.plist in Resources */ = {isa = PBXBuildFile; fileRef = FB7CBBE31AE0176600C566F3 /* Property List.plist */; };
		FBA014111AF28243000966C6 /* ViewControllerJuego.m in Sources */ = {isa = PBXBuildFile; fileRef = FBA014101AF28243000966C6 /* ViewControllerJuego.m */; };
		FBA014131AF29F9E000966C6 /* square-clip-art-29529.png in Resources */ = {isa = PBXBuildFile; fileRef = FBA014121AF29F9E000966C6 /* square-clip-art-29529.png */; };
/* End PBXBuildFile section */

/* Begin PBXContainerItemProxy section */
		6392DD341AC7A3CF0092C603 /* PBXContainerItemProxy */ = {
			isa = PBXContainerItemProxy;
			containerPortal = 6392DD121AC7A3CF0092C603 /* Project object */;
			proxyType = 1;
			remoteGlobalIDString = 6392DD191AC7A3CF0092C603;
			remoteInfo = Proyecto;
		};
/* End PBXContainerItemProxy section */

/* Begin PBXFileReference section */
		635FDED71AF6718A00EF8950 /* HighScores.plist */ = {isa = PBXFileReference; fileEncoding = 4; lastKnownFileType = text.plist.xml; path = HighScores.plist; sourceTree = "<group>"; };
		635FDED91AF6BB5000EF8950 /* ViewControllerScores.h */ = {isa = PBXFileReference; fileEncoding = 4; lastKnownFileType = sourcecode.c.h; path = ViewControllerScores.h; sourceTree = "<group>"; };
		635FDEDA1AF6BB5000EF8950 /* ViewControllerScores.m */ = {isa = PBXFileReference; fileEncoding = 4; lastKnownFileType = sourcecode.c.objc; path = ViewControllerScores.m; sourceTree = "<group>"; };
		6392DD1A1AC7A3CF0092C603 /* Proyecto.app */ = {isa = PBXFileReference; explicitFileType = wrapper.application; includeInIndex = 0; path = Proyecto.app; sourceTree = BUILT_PRODUCTS_DIR; };
		6392DD1E1AC7A3CF0092C603 /* Info.plist */ = {isa = PBXFileReference; lastKnownFileType = text.plist.xml; path = Info.plist; sourceTree = "<group>"; };
		6392DD1F1AC7A3CF0092C603 /* main.m */ = {isa = PBXFileReference; lastKnownFileType = sourcecode.c.objc; path = main.m; sourceTree = "<group>"; };
		6392DD211AC7A3CF0092C603 /* AppDelegate.h */ = {isa = PBXFileReference; lastKnownFileType = sourcecode.c.h; path = AppDelegate.h; sourceTree = "<group>"; };
		6392DD221AC7A3CF0092C603 /* AppDelegate.m */ = {isa = PBXFileReference; lastKnownFileType = sourcecode.c.objc; path = AppDelegate.m; sourceTree = "<group>"; };
		6392DD241AC7A3CF0092C603 /* ViewController.h */ = {isa = PBXFileReference; lastKnownFileType = sourcecode.c.h; path = ViewController.h; sourceTree = "<group>"; };
		6392DD251AC7A3CF0092C603 /* ViewController.m */ = {isa = PBXFileReference; lastKnownFileType = sourcecode.c.objc; path = ViewController.m; sourceTree = "<group>"; };
		6392DD281AC7A3CF0092C603 /* Base */ = {isa = PBXFileReference; lastKnownFileType = file.storyboard; name = Base; path = Base.lproj/Main.storyboard; sourceTree = "<group>"; };
		6392DD2A1AC7A3CF0092C603 /* Images.xcassets */ = {isa = PBXFileReference; lastKnownFileType = folder.assetcatalog; path = Images.xcassets; sourceTree = "<group>"; };
		6392DD2D1AC7A3CF0092C603 /* Base */ = {isa = PBXFileReference; lastKnownFileType = file.xib; name = Base; path = Base.lproj/LaunchScreen.xib; sourceTree = "<group>"; };
		6392DD331AC7A3CF0092C603 /* ProyectoTests.xctest */ = {isa = PBXFileReference; explicitFileType = wrapper.cfbundle; includeInIndex = 0; path = ProyectoTests.xctest; sourceTree = BUILT_PRODUCTS_DIR; };
		6392DD381AC7A3CF0092C603 /* Info.plist */ = {isa = PBXFileReference; lastKnownFileType = text.plist.xml; path = Info.plist; sourceTree = "<group>"; };
		6392DD391AC7A3CF0092C603 /* ProyectoTests.m */ = {isa = PBXFileReference; lastKnownFileType = sourcecode.c.objc; path = ProyectoTests.m; sourceTree = "<group>"; };
		6392DD431AC7A7CF0092C603 /* timeline.png */ = {isa = PBXFileReference; lastKnownFileType = image.png; path = timeline.png; sourceTree = "<group>"; };
		6392DD451AC7B24F0092C603 /* leaderboards.png */ = {isa = PBXFileReference; lastKnownFileType = image.png; path = leaderboards.png; sourceTree = "<group>"; };
		6392DD4B1AC7BA840092C603 /* papiro.png */ = {isa = PBXFileReference; lastKnownFileType = image.png; path = papiro.png; sourceTree = "<group>"; };
		6392DD4D1AC7C2FD0092C603 /* history.gif */ = {isa = PBXFileReference; lastKnownFileType = image.gif; path = history.gif; sourceTree = "<group>"; };
		FB7CBBDD1AE0154C00C566F3 /* ViewControllerDificultad.h */ = {isa = PBXFileReference; fileEncoding = 4; lastKnownFileType = sourcecode.c.h; path = ViewControllerDificultad.h; sourceTree = "<group>"; };
		FB7CBBDE1AE0154C00C566F3 /* ViewControllerDificultad.m */ = {isa = PBXFileReference; fileEncoding = 4; lastKnownFileType = sourcecode.c.objc; path = ViewControllerDificultad.m; sourceTree = "<group>"; };
		FB7CBBE01AE0158A00C566F3 /* ViewControllerTema.h */ = {isa = PBXFileReference; fileEncoding = 4; lastKnownFileType = sourcecode.c.h; path = ViewControllerTema.h; sourceTree = "<group>"; };
		FB7CBBE11AE0158A00C566F3 /* ViewControllerTema.m */ = {isa = PBXFileReference; fileEncoding = 4; lastKnownFileType = sourcecode.c.objc; path = ViewControllerTema.m; sourceTree = "<group>"; };
		FB7CBBE31AE0176600C566F3 /* Property List.plist */ = {isa = PBXFileReference; fileEncoding = 4; lastKnownFileType = text.plist.xml; path = "Property List.plist"; sourceTree = "<group>"; };
		FBA0140F1AF28243000966C6 /* ViewControllerJuego.h */ = {isa = PBXFileReference; fileEncoding = 4; lastKnownFileType = sourcecode.c.h; path = ViewControllerJuego.h; sourceTree = "<group>"; };
		FBA014101AF28243000966C6 /* ViewControllerJuego.m */ = {isa = PBXFileReference; fileEncoding = 4; lastKnownFileType = sourcecode.c.objc; path = ViewControllerJuego.m; sourceTree = "<group>"; };
		FBA014121AF29F9E000966C6 /* square-clip-art-29529.png */ = {isa = PBXFileReference; lastKnownFileType = image.png; path = "square-clip-art-29529.png"; sourceTree = "<group>"; };
/* End PBXFileReference section */

/* Begin PBXFrameworksBuildPhase section */
		6392DD171AC7A3CF0092C603 /* Frameworks */ = {
			isa = PBXFrameworksBuildPhase;
			buildActionMask = 2147483647;
			files = (
			);
			runOnlyForDeploymentPostprocessing = 0;
		};
		6392DD301AC7A3CF0092C603 /* Frameworks */ = {
			isa = PBXFrameworksBuildPhase;
			buildActionMask = 2147483647;
			files = (
			);
			runOnlyForDeploymentPostprocessing = 0;
		};
/* End PBXFrameworksBuildPhase section */

/* Begin PBXGroup section */
		6392DD111AC7A3CF0092C603 = {
			isa = PBXGroup;
			children = (
				FB7CBBE31AE0176600C566F3 /* Property List.plist */,
				635FDED71AF6718A00EF8950 /* HighScores.plist */,
				6392DD1C1AC7A3CF0092C603 /* Proyecto */,
				6392DD361AC7A3CF0092C603 /* ProyectoTests */,
				6392DD1B1AC7A3CF0092C603 /* Products */,
			);
			sourceTree = "<group>";
		};
		6392DD1B1AC7A3CF0092C603 /* Products */ = {
			isa = PBXGroup;
			children = (
				6392DD1A1AC7A3CF0092C603 /* Proyecto.app */,
				6392DD331AC7A3CF0092C603 /* ProyectoTests.xctest */,
			);
			name = Products;
			sourceTree = "<group>";
		};
		6392DD1C1AC7A3CF0092C603 /* Proyecto */ = {
			isa = PBXGroup;
			children = (
				6392DD4D1AC7C2FD0092C603 /* history.gif */,
				6392DD431AC7A7CF0092C603 /* timeline.png */,
				6392DD451AC7B24F0092C603 /* leaderboards.png */,
				FBA014121AF29F9E000966C6 /* square-clip-art-29529.png */,
				6392DD211AC7A3CF0092C603 /* AppDelegate.h */,
				6392DD4B1AC7BA840092C603 /* papiro.png */,
				6392DD221AC7A3CF0092C603 /* AppDelegate.m */,
				6392DD241AC7A3CF0092C603 /* ViewController.h */,
				6392DD251AC7A3CF0092C603 /* ViewController.m */,
				6392DD271AC7A3CF0092C603 /* Main.storyboard */,
				635FDED91AF6BB5000EF8950 /* ViewControllerScores.h */,
				635FDEDA1AF6BB5000EF8950 /* ViewControllerScores.m */,
				FBA0140F1AF28243000966C6 /* ViewControllerJuego.h */,
				FBA014101AF28243000966C6 /* ViewControllerJuego.m */,
				FB7CBBDD1AE0154C00C566F3 /* ViewControllerDificultad.h */,
				FB7CBBDE1AE0154C00C566F3 /* ViewControllerDificultad.m */,
				FB7CBBE01AE0158A00C566F3 /* ViewControllerTema.h */,
				FB7CBBE11AE0158A00C566F3 /* ViewControllerTema.m */,
				6392DD2A1AC7A3CF0092C603 /* Images.xcassets */,
				6392DD2C1AC7A3CF0092C603 /* LaunchScreen.xib */,
				6392DD1D1AC7A3CF0092C603 /* Supporting Files */,
			);
			path = Proyecto;
			sourceTree = "<group>";
		};
		6392DD1D1AC7A3CF0092C603 /* Supporting Files */ = {
			isa = PBXGroup;
			children = (
				6392DD1E1AC7A3CF0092C603 /* Info.plist */,
				6392DD1F1AC7A3CF0092C603 /* main.m */,
			);
			name = "Supporting Files";
			sourceTree = "<group>";
		};
		6392DD361AC7A3CF0092C603 /* ProyectoTests */ = {
			isa = PBXGroup;
			children = (
				6392DD391AC7A3CF0092C603 /* ProyectoTests.m */,
				6392DD371AC7A3CF0092C603 /* Supporting Files */,
			);
			path = ProyectoTests;
			sourceTree = "<group>";
		};
		6392DD371AC7A3CF0092C603 /* Supporting Files */ = {
			isa = PBXGroup;
			children = (
				6392DD381AC7A3CF0092C603 /* Info.plist */,
			);
			name = "Supporting Files";
			sourceTree = "<group>";
		};
/* End PBXGroup section */

/* Begin PBXNativeTarget section */
		6392DD191AC7A3CF0092C603 /* Proyecto */ = {
			isa = PBXNativeTarget;
			buildConfigurationList = 6392DD3D1AC7A3CF0092C603 /* Build configuration list for PBXNativeTarget "Proyecto" */;
			buildPhases = (
				6392DD161AC7A3CF0092C603 /* Sources */,
				6392DD171AC7A3CF0092C603 /* Frameworks */,
				6392DD181AC7A3CF0092C603 /* Resources */,
			);
			buildRules = (
			);
			dependencies = (
			);
			name = Proyecto;
			productName = Proyecto;
			productReference = 6392DD1A1AC7A3CF0092C603 /* Proyecto.app */;
			productType = "com.apple.product-type.application";
		};
		6392DD321AC7A3CF0092C603 /* ProyectoTests */ = {
			isa = PBXNativeTarget;
			buildConfigurationList = 6392DD401AC7A3CF0092C603 /* Build configuration list for PBXNativeTarget "ProyectoTests" */;
			buildPhases = (
				6392DD2F1AC7A3CF0092C603 /* Sources */,
				6392DD301AC7A3CF0092C603 /* Frameworks */,
				6392DD311AC7A3CF0092C603 /* Resources */,
			);
			buildRules = (
			);
			dependencies = (
				6392DD351AC7A3CF0092C603 /* PBXTargetDependency */,
			);
			name = ProyectoTests;
			productName = ProyectoTests;
			productReference = 6392DD331AC7A3CF0092C603 /* ProyectoTests.xctest */;
			productType = "com.apple.product-type.bundle.unit-test";
		};
/* End PBXNativeTarget section */

/* Begin PBXProject section */
		6392DD121AC7A3CF0092C603 /* Project object */ = {
			isa = PBXProject;
			attributes = {
				LastUpgradeCheck = 0610;
				ORGANIZATIONNAME = Home;
				TargetAttributes = {
					6392DD191AC7A3CF0092C603 = {
						CreatedOnToolsVersion = 6.1.1;
					};
					6392DD321AC7A3CF0092C603 = {
						CreatedOnToolsVersion = 6.1.1;
						TestTargetID = 6392DD191AC7A3CF0092C603;
					};
				};
			};
			buildConfigurationList = 6392DD151AC7A3CF0092C603 /* Build configuration list for PBXProject "Proyecto" */;
			compatibilityVersion = "Xcode 3.2";
			developmentRegion = English;
			hasScannedForEncodings = 0;
			knownRegions = (
				en,
				Base,
			);
			mainGroup = 6392DD111AC7A3CF0092C603;
			productRefGroup = 6392DD1B1AC7A3CF0092C603 /* Products */;
			projectDirPath = "";
			projectRoot = "";
			targets = (
				6392DD191AC7A3CF0092C603 /* Proyecto */,
				6392DD321AC7A3CF0092C603 /* ProyectoTests */,
			);
		};
/* End PBXProject section */

/* Begin PBXResourcesBuildPhase section */
		6392DD181AC7A3CF0092C603 /* Resources */ = {
			isa = PBXResourcesBuildPhase;
			buildActionMask = 2147483647;
			files = (
				6392DD291AC7A3CF0092C603 /* Main.storyboard in Resources */,
				6392DD2E1AC7A3CF0092C603 /* LaunchScreen.xib in Resources */,
				6392DD4C1AC7BA840092C603 /* papiro.png in Resources */,
				635FDED81AF6718A00EF8950 /* HighScores.plist in Resources */,
				FBA014131AF29F9E000966C6 /* square-clip-art-29529.png in Resources */,
				6392DD461AC7B24F0092C603 /* leaderboards.png in Resources */,
				6392DD4E1AC7C2FD0092C603 /* history.gif in Resources */,
				6392DD441AC7A7CF0092C603 /* timeline.png in Resources */,
				FB7CBBE41AE0176600C566F3 /* Property List.plist in Resources */,
				6392DD2B1AC7A3CF0092C603 /* Images.xcassets in Resources */,
			);
			runOnlyForDeploymentPostprocessing = 0;
		};
		6392DD311AC7A3CF0092C603 /* Resources */ = {
			isa = PBXResourcesBuildPhase;
			buildActionMask = 2147483647;
			files = (
			);
			runOnlyForDeploymentPostprocessing = 0;
		};
/* End PBXResourcesBuildPhase section */

/* Begin PBXSourcesBuildPhase section */
		6392DD161AC7A3CF0092C603 /* Sources */ = {
			isa = PBXSourcesBuildPhase;
			buildActionMask = 2147483647;
			files = (
				6392DD261AC7A3CF0092C603 /* ViewController.m in Sources */,
				FB7CBBDF1AE0154C00C566F3 /* ViewControllerDificultad.m in Sources */,
				6392DD231AC7A3CF0092C603 /* AppDelegate.m in Sources */,
				635FDEDB1AF6BB5000EF8950 /* ViewControllerScores.m in Sources */,
				FB7CBBE21AE0158A00C566F3 /* ViewControllerTema.m in Sources */,
				6392DD201AC7A3CF0092C603 /* main.m in Sources */,
				FBA014111AF28243000966C6 /* ViewControllerJuego.m in Sources */,
			);
			runOnlyForDeploymentPostprocessing = 0;
		};
		6392DD2F1AC7A3CF0092C603 /* Sources */ = {
			isa = PBXSourcesBuildPhase;
			buildActionMask = 2147483647;
			files = (
				6392DD3A1AC7A3CF0092C603 /* ProyectoTests.m in Sources */,
			);
			runOnlyForDeploymentPostprocessing = 0;
		};
/* End PBXSourcesBuildPhase section */

/* Begin PBXTargetDependency section */
		6392DD351AC7A3CF0092C603 /* PBXTargetDependency */ = {
			isa = PBXTargetDependency;
			target = 6392DD191AC7A3CF0092C603 /* Proyecto */;
			targetProxy = 6392DD341AC7A3CF0092C603 /* PBXContainerItemProxy */;
		};
/* End PBXTargetDependency section */

/* Begin PBXVariantGroup section */
		6392DD271AC7A3CF0092C603 /* Main.storyboard */ = {
			isa = PBXVariantGroup;
			children = (
				6392DD281AC7A3CF0092C603 /* Base */,
			);
			name = Main.storyboard;
			sourceTree = "<group>";
		};
		6392DD2C1AC7A3CF0092C603 /* LaunchScreen.xib */ = {
			isa = PBXVariantGroup;
			children = (
				6392DD2D1AC7A3CF0092C603 /* Base */,
			);
			name = LaunchScreen.xib;
			sourceTree = "<group>";
		};
/* End PBXVariantGroup section */

/* Begin XCBuildConfiguration section */
		6392DD3B1AC7A3CF0092C603 /* Debug */ = {
			isa = XCBuildConfiguration;
			buildSettings = {
				ALWAYS_SEARCH_USER_PATHS = NO;
				CLANG_CXX_LANGUAGE_STANDARD = "gnu++0x";
				CLANG_CXX_LIBRARY = "libc++";
				CLANG_ENABLE_MODULES = YES;
				CLANG_ENABLE_OBJC_ARC = YES;
				CLANG_WARN_BOOL_CONVERSION = YES;
				CLANG_WARN_CONSTANT_CONVERSION = YES;
				CLANG_WARN_DIRECT_OBJC_ISA_USAGE = YES_ERROR;
				CLANG_WARN_EMPTY_BODY = YES;
				CLANG_WARN_ENUM_CONVERSION = YES;
				CLANG_WARN_INT_CONVERSION = YES;
				CLANG_WARN_OBJC_ROOT_CLASS = YES_ERROR;
				CLANG_WARN_UNREACHABLE_CODE = YES;
				CLANG_WARN__DUPLICATE_METHOD_MATCH = YES;
				"CODE_SIGN_IDENTITY[sdk=iphoneos*]" = "iPhone Developer";
				COPY_PHASE_STRIP = NO;
				ENABLE_STRICT_OBJC_MSGSEND = YES;
				GCC_C_LANGUAGE_STANDARD = gnu99;
				GCC_DYNAMIC_NO_PIC = NO;
				GCC_OPTIMIZATION_LEVEL = 0;
				GCC_PREPROCESSOR_DEFINITIONS = (
					"DEBUG=1",
					"$(inherited)",
				);
				GCC_SYMBOLS_PRIVATE_EXTERN = NO;
				GCC_WARN_64_TO_32_BIT_CONVERSION = YES;
				GCC_WARN_ABOUT_RETURN_TYPE = YES_ERROR;
				GCC_WARN_UNDECLARED_SELECTOR = YES;
				GCC_WARN_UNINITIALIZED_AUTOS = YES_AGGRESSIVE;
				GCC_WARN_UNUSED_FUNCTION = YES;
				GCC_WARN_UNUSED_VARIABLE = YES;
				IPHONEOS_DEPLOYMENT_TARGET = 8.1;
				MTL_ENABLE_DEBUG_INFO = YES;
				ONLY_ACTIVE_ARCH = YES;
				SDKROOT = iphoneos;
			};
			name = Debug;
		};
		6392DD3C1AC7A3CF0092C603 /* Release */ = {
			isa = XCBuildConfiguration;
			buildSettings = {
				ALWAYS_SEARCH_USER_PATHS = NO;
				CLANG_CXX_LANGUAGE_STANDARD = "gnu++0x";
				CLANG_CXX_LIBRARY = "libc++";
				CLANG_ENABLE_MODULES = YES;
				CLANG_ENABLE_OBJC_ARC = YES;
				CLANG_WARN_BOOL_CONVERSION = YES;
				CLANG_WARN_CONSTANT_CONVERSION = YES;
				CLANG_WARN_DIRECT_OBJC_ISA_USAGE = YES_ERROR;
				CLANG_WARN_EMPTY_BODY = YES;
				CLANG_WARN_ENUM_CONVERSION = YES;
				CLANG_WARN_INT_CONVERSION = YES;
				CLANG_WARN_OBJC_ROOT_CLASS = YES_ERROR;
				CLANG_WARN_UNREACHABLE_CODE = YES;
				CLANG_WARN__DUPLICATE_METHOD_MATCH = YES;
				"CODE_SIGN_IDENTITY[sdk=iphoneos*]" = "iPhone Developer";
				COPY_PHASE_STRIP = YES;
				ENABLE_NS_ASSERTIONS = NO;
				ENABLE_STRICT_OBJC_MSGSEND = YES;
				GCC_C_LANGUAGE_STANDARD = gnu99;
				GCC_WARN_64_TO_32_BIT_CONVERSION = YES;
				GCC_WARN_ABOUT_RETURN_TYPE = YES_ERROR;
				GCC_WARN_UNDECLARED_SELECTOR = YES;
				GCC_WARN_UNINITIALIZED_AUTOS = YES_AGGRESSIVE;
				GCC_WARN_UNUSED_FUNCTION = YES;
				GCC_WARN_UNUSED_VARIABLE = YES;
				IPHONEOS_DEPLOYMENT_TARGET = 8.1;
				MTL_ENABLE_DEBUG_INFO = NO;
				SDKROOT = iphoneos;
				VALIDATE_PRODUCT = YES;
			};
			name = Release;
		};
		6392DD3E1AC7A3CF0092C603 /* Debug */ = {
			isa = XCBuildConfiguration;
			buildSettings = {
				ASSETCATALOG_COMPILER_APPICON_NAME = AppIcon;
				INFOPLIST_FILE = Proyecto/Info.plist;
				LD_RUNPATH_SEARCH_PATHS = "$(inherited) @executable_path/Frameworks";
				PRODUCT_NAME = "$(TARGET_NAME)";
			};
			name = Debug;
		};
		6392DD3F1AC7A3CF0092C603 /* Release */ = {
			isa = XCBuildConfiguration;
			buildSettings = {
				ASSETCATALOG_COMPILER_APPICON_NAME = AppIcon;
				INFOPLIST_FILE = Proyecto/Info.plist;
				LD_RUNPATH_SEARCH_PATHS = "$(inherited) @executable_path/Frameworks";
				PRODUCT_NAME = "$(TARGET_NAME)";
			};
			name = Release;
		};
		6392DD411AC7A3CF0092C603 /* Debug */ = {
			isa = XCBuildConfiguration;
			buildSettings = {
				BUNDLE_LOADER = "$(TEST_HOST)";
				FRAMEWORK_SEARCH_PATHS = (
					"$(SDKROOT)/Developer/Library/Frameworks",
					"$(inherited)",
				);
				GCC_PREPROCESSOR_DEFINITIONS = (
					"DEBUG=1",
					"$(inherited)",
				);
				INFOPLIST_FILE = ProyectoTests/Info.plist;
				LD_RUNPATH_SEARCH_PATHS = "$(inherited) @executable_path/Frameworks @loader_path/Frameworks";
				PRODUCT_NAME = "$(TARGET_NAME)";
				TEST_HOST = "$(BUILT_PRODUCTS_DIR)/Proyecto.app/Proyecto";
			};
			name = Debug;
		};
		6392DD421AC7A3CF0092C603 /* Release */ = {
			isa = XCBuildConfiguration;
			buildSettings = {
				BUNDLE_LOADER = "$(TEST_HOST)";
				FRAMEWORK_SEARCH_PATHS = (
					"$(SDKROOT)/Developer/Library/Frameworks",
					"$(inherited)",
				);
				INFOPLIST_FILE = ProyectoTests/Info.plist;
				LD_RUNPATH_SEARCH_PATHS = "$(inherited) @executable_path/Frameworks @loader_path/Frameworks";
				PRODUCT_NAME = "$(TARGET_NAME)";
				TEST_HOST = "$(BUILT_PRODUCTS_DIR)/Proyecto.app/Proyecto";
			};
			name = Release;
		};
/* End XCBuildConfiguration section */

/* Begin XCConfigurationList section */
		6392DD151AC7A3CF0092C603 /* Build configuration list for PBXProject "Proyecto" */ = {
			isa = XCConfigurationList;
			buildConfigurations = (
				6392DD3B1AC7A3CF0092C603 /* Debug */,
				6392DD3C1AC7A3CF0092C603 /* Release */,
			);
			defaultConfigurationIsVisible = 0;
			defaultConfigurationName = Release;
		};
		6392DD3D1AC7A3CF0092C603 /* Build configuration list for PBXNativeTarget "Proyecto" */ = {
			isa = XCConfigurationList;
			buildConfigurations = (
				6392DD3E1AC7A3CF0092C603 /* Debug */,
				6392DD3F1AC7A3CF0092C603 /* Release */,
			);
			defaultConfigurationIsVisible = 0;
			defaultConfigurationName = Release;
		};
		6392DD401AC7A3CF0092C603 /* Build configuration list for PBXNativeTarget "ProyectoTests" */ = {
			isa = XCConfigurationList;
			buildConfigurations = (
				6392DD411AC7A3CF0092C603 /* Debug */,
				6392DD421AC7A3CF0092C603 /* Release */,
			);
			defaultConfigurationIsVisible = 0;
			defaultConfigurationName = Release;
		};
/* End XCConfigurationList section */
	};
	rootObject = 6392DD121AC7A3CF0092C603 /* Project object */;
}
